
Microsoft Visual Studio Solution File, Format Version 12.00
# Visual Studio Version 17
VisualStudioVersion = 17.9.34728.123
MinimumVisualStudioVersion = 10.0.40219.1
Project("{FAE04EC0-301F-11D3-BF4B-00C04F79EFBC}") = "Not_Kayit_Sistemi", "Not_Kayit_Sistemi\Not_Kayit_Sistemi.csproj", "{2E0FE818-5142-44EF-8099-9B34FBA948ED}"
EndProject
Global
	GlobalSection(SolutionConfigurationPlatforms) = preSolution
		Debug|Any CPU = Debug|Any CPU
		Release|Any CPU = Release|Any CPU
	EndGlobalSection
	GlobalSection(ProjectConfigurationPlatforms) = postSolution
		{2E0FE818-5142-44EF-8099-9B34FBA948ED}.Debug|Any CPU.ActiveCfg = Debug|Any CPU
		{2E0FE818-5142-44EF-8099-9B34FBA948ED}.Debug|Any CPU.Build.0 = Debug|Any CPU
		{2E0FE818-5142-44EF-8099-9B34FBA948ED}.Release|Any CPU.ActiveCfg = Release|Any CPU
		{2E0FE818-5142-44EF-8099-9B34FBA948ED}.Release|Any CPU.Build.0 = Release|Any CPU
	EndGlobalSection
	GlobalSection(SolutionProperties) = preSolution
		HideSolutionNode = FALSE
	EndGlobalSection
	GlobalSection(ExtensibilityGlobals) = postSolution
		SolutionGuid = {F9EFB695-8FC3-4D93-AEE8-73997D43F424}
	EndGlobalSection
EndGlobal
